# THIS IS AN AUTOGENERATED FILE. DO NOT EDIT THIS FILE DIRECTLY.
# yarn lockfile v1


"@types/node@^11.11.4":
  version "11.11.4"
  resolved "https://registry.yarnpkg.com/@types/node/-/node-11.11.4.tgz#8808bd5a82bbf6f5d412eff1c228d178e7c24bb3"
  integrity sha512-02tIL+QIi/RW4E5xILdoAMjeJ9kYq5t5S2vciUdFPXv/ikFTb0zK8q9vXkg4+WAJuYXGiVT1H28AkD2C+IkXVw==

"@types/seedrandom@^2.4.27":
  version "2.4.27"
  resolved "https://registry.yarnpkg.com/@types/seedrandom/-/seedrandom-2.4.27.tgz#9db563937dd86915f69092bc43259d2f48578e41"
  integrity sha1-nbVjk33YaRX2kJK8QyWdL0hXjkE=

commander@^2.19.0:
  version "2.19.0"
  resolved "https://registry.yarnpkg.com/commander/-/commander-2.19.0.tgz#f6198aa84e5b83c46054b94ddedbfed5ee9ff12a"
  integrity sha512-6tvAOO+D6OENvRAh524Dh9jcfKTYDQAqvqezbCW82xj5X0pSrcpxtvRKHLG0yBY6SD7PSDrJaj+0AiOcKVd1Xg==

number-to-words@^1.2.4:
  version "1.2.4"
  resolved "https://registry.yarnpkg.com/number-to-words/-/number-to-words-1.2.4.tgz#e0f124de9628f8d86c4eeb89bac6c07699264501"
  integrity sha512-/fYevVkXRcyBiZDg6yzZbm0RuaD6i0qRfn8yr+6D0KgBMOndFPxuW10qCHpzs50nN8qKuv78k8MuotZhcVX6Pw==

seedrandom@^3.0.1:
  version "3.0.1"
  resolved "https://registry.yarnpkg.com/seedrandom/-/seedrandom-3.0.1.tgz#eb3dde015bcf55df05a233514e5df44ef9dce083"
  integrity sha512-1/02Y/rUeU1CJBAGLebiC5Lbo5FnB22gQbIFFYTLkwvp1xdABZJH1sn4ZT1MzXmPpzv+Rf/Lu2NcsLJiK4rcDg==

typescript@^3.3.4000:
  version "3.3.4000"
  resolved "https://registry.yarnpkg.com/typescript/-/typescript-3.3.4000.tgz#76b0f89cfdbf97827e1112d64f283f1151d6adf0"
  integrity sha512-jjOcCZvpkl2+z7JFn0yBOoLQyLoIkNZAs/fYJkUG6VKy6zLPHJGfQJYFHzibB6GJaF/8QrcECtlQ5cpvRHSMEA==

variety@^0.2.2:
  version "0.2.2"
  resolved "https://registry.yarnpkg.com/variety/-/variety-0.2.2.tgz#3ccfd9687e3f270243aaefeeb301a18998e847ac"
  integrity sha512-eqbs8ZJ83+QqeTnk0SJmS5KnuJHkXN8zXrzk+ZFTQm1G9WhGJK5EerdmvHbMjhpalcNJ3312/t7GQjw4uId9Bg==
